
Microsoft Visual Studio Solution File, Format Version 12.00
# Visual Studio 2013
VisualStudioVersion = 12.0.31101.0
MinimumVisualStudioVersion = 10.0.40219.1
Project("{FAE04EC0-301F-11D3-BF4B-00C04F79EFBC}") = "Intersections.Billing", "Intersections.Billing\Intersections.Billing.csproj", "{9EB2FE24-5B08-4B6F-A021-95DFAFA48F3B}"
EndProject
Project("{FAE04EC0-301F-11D3-BF4B-00C04F79EFBC}") = "Intersections.Billing.Test", "Intersections.Billing.Test\Intersections.Billing.Test.csproj", "{D355A7A5-F22D-4D7B-A2C7-5AEC0423FCC4}"
EndProject
Project("{54435603-DBB4-11D2-8724-00A0C9A8B90C}") = "Intersections.Billing.Setup", "Intersections.Billing.Setup\Intersections.Billing.Setup.vdproj", "{171DC216-CF3F-4DD7-BD19-5589C9C87DF5}"
EndProject
Project("{54435603-DBB4-11D2-8724-00A0C9A8B90C}") = "Intersections.Billing.Test.Setup", "Intersections.Billing.Test.Setup\Intersections.Billing.Test.Setup.vdproj", "{150B8446-D456-4601-A666-5E7F57A4EE17}"
EndProject
Global
	GlobalSection(SolutionConfigurationPlatforms) = preSolution
		Debug|Any CPU = Debug|Any CPU
		Release|Any CPU = Release|Any CPU
	EndGlobalSection
	GlobalSection(ProjectConfigurationPlatforms) = postSolution
		{9EB2FE24-5B08-4B6F-A021-95DFAFA48F3B}.Debug|Any CPU.ActiveCfg = Debug|Any CPU
		{9EB2FE24-5B08-4B6F-A021-95DFAFA48F3B}.Debug|Any CPU.Build.0 = Debug|Any CPU
		{9EB2FE24-5B08-4B6F-A021-95DFAFA48F3B}.Release|Any CPU.ActiveCfg = Release|Any CPU
		{9EB2FE24-5B08-4B6F-A021-95DFAFA48F3B}.Release|Any CPU.Build.0 = Release|Any CPU
		{D355A7A5-F22D-4D7B-A2C7-5AEC0423FCC4}.Debug|Any CPU.ActiveCfg = Debug|Any CPU
		{D355A7A5-F22D-4D7B-A2C7-5AEC0423FCC4}.Debug|Any CPU.Build.0 = Debug|Any CPU
		{D355A7A5-F22D-4D7B-A2C7-5AEC0423FCC4}.Release|Any CPU.ActiveCfg = Release|Any CPU
		{D355A7A5-F22D-4D7B-A2C7-5AEC0423FCC4}.Release|Any CPU.Build.0 = Release|Any CPU
		{171DC216-CF3F-4DD7-BD19-5589C9C87DF5}.Debug|Any CPU.ActiveCfg = Debug
		{171DC216-CF3F-4DD7-BD19-5589C9C87DF5}.Release|Any CPU.ActiveCfg = Release
		{171DC216-CF3F-4DD7-BD19-5589C9C87DF5}.Release|Any CPU.Build.0 = Release
		{150B8446-D456-4601-A666-5E7F57A4EE17}.Debug|Any CPU.ActiveCfg = Debug
		{150B8446-D456-4601-A666-5E7F57A4EE17}.Release|Any CPU.ActiveCfg = Release
		{150B8446-D456-4601-A666-5E7F57A4EE17}.Release|Any CPU.Build.0 = Release
	EndGlobalSection
	GlobalSection(SolutionProperties) = preSolution
		HideSolutionNode = FALSE
	EndGlobalSection
EndGlobal
